
Microsoft Visual Studio Solution File, Format Version 12.00
# Visual Studio Version 17
VisualStudioVersion = 17.1.32421.90
MinimumVisualStudioVersion = 10.0.40219.1
Project("{9A19103F-16F7-4668-BE54-9A1E7A4F7556}") = "RDFSharp", "RDFSharp\RDFSharp.csproj", "{1EEA1A7E-A661-4745-810E-FBEB9F20B6FC}"
EndProject
Project("{9A19103F-16F7-4668-BE54-9A1E7A4F7556}") = "RDFSharp.Test", "RDFSharp.Test\RDFSharp.Test.csproj", "{BB28A1BF-097E-4F40-AF18-7B527320C032}"
EndProject
Project("{9A19103F-16F7-4668-BE54-9A1E7A4F7556}") = "RDFSharp.Try", "RDFSharp.Try\RDFSharp.Try.csproj", "{6095A0F8-AB8B-42A7-A6A0-C70FAA41E4AE}"
EndProject
Project("{FAE04EC0-301F-11D3-BF4B-00C04F79EFBC}") = "SpecFlowRDFSharp", "SpecFlowRDFSharp\SpecFlowRDFSharp.csproj", "{538F1E61-727C-4180-9673-CF9783B835B7}"
EndProject
Global
	GlobalSection(SolutionConfigurationPlatforms) = preSolution
		Debug|Any CPU = Debug|Any CPU
		Release|Any CPU = Release|Any CPU
	EndGlobalSection
	GlobalSection(ProjectConfigurationPlatforms) = postSolution
		{1EEA1A7E-A661-4745-810E-FBEB9F20B6FC}.Debug|Any CPU.ActiveCfg = Debug|Any CPU
		{1EEA1A7E-A661-4745-810E-FBEB9F20B6FC}.Debug|Any CPU.Build.0 = Debug|Any CPU
		{1EEA1A7E-A661-4745-810E-FBEB9F20B6FC}.Release|Any CPU.ActiveCfg = Release|Any CPU
		{1EEA1A7E-A661-4745-810E-FBEB9F20B6FC}.Release|Any CPU.Build.0 = Release|Any CPU
		{BB28A1BF-097E-4F40-AF18-7B527320C032}.Debug|Any CPU.ActiveCfg = Debug|Any CPU
		{BB28A1BF-097E-4F40-AF18-7B527320C032}.Debug|Any CPU.Build.0 = Debug|Any CPU
		{BB28A1BF-097E-4F40-AF18-7B527320C032}.Release|Any CPU.ActiveCfg = Release|Any CPU
		{BB28A1BF-097E-4F40-AF18-7B527320C032}.Release|Any CPU.Build.0 = Release|Any CPU
		{6095A0F8-AB8B-42A7-A6A0-C70FAA41E4AE}.Debug|Any CPU.ActiveCfg = Debug|Any CPU
		{6095A0F8-AB8B-42A7-A6A0-C70FAA41E4AE}.Debug|Any CPU.Build.0 = Debug|Any CPU
		{6095A0F8-AB8B-42A7-A6A0-C70FAA41E4AE}.Release|Any CPU.ActiveCfg = Release|Any CPU
		{6095A0F8-AB8B-42A7-A6A0-C70FAA41E4AE}.Release|Any CPU.Build.0 = Release|Any CPU
		{538F1E61-727C-4180-9673-CF9783B835B7}.Debug|Any CPU.ActiveCfg = Debug|Any CPU
		{538F1E61-727C-4180-9673-CF9783B835B7}.Debug|Any CPU.Build.0 = Debug|Any CPU
		{538F1E61-727C-4180-9673-CF9783B835B7}.Release|Any CPU.ActiveCfg = Release|Any CPU
		{538F1E61-727C-4180-9673-CF9783B835B7}.Release|Any CPU.Build.0 = Release|Any CPU
	EndGlobalSection
	GlobalSection(SolutionProperties) = preSolution
		HideSolutionNode = FALSE
	EndGlobalSection
	GlobalSection(ExtensibilityGlobals) = postSolution
		SolutionGuid = {FDD2B7E0-5BC5-4636-997B-778F43D467E8}
	EndGlobalSection
EndGlobal
